
Microsoft Visual Studio Solution File, Format Version 12.00
# Visual Studio Version 17
VisualStudioVersion = 17.5.2.0
MinimumVisualStudioVersion = 10.0.40219.1
Project("{FAE04EC0-301F-11D3-BF4B-00C04F79EFBC}") = "xmltvguide-generator", "xmltvguide-generator.csproj", "{6225E0B2-4DEE-340C-A745-AC5DBAF68230}"
EndProject
Project("{2150E333-8FDC-42A3-9474-1A3956D46DE8}") = "tests", "tests", "{0BFB4EEB-CA4F-452F-A235-9D2ADCB530AA}"
EndProject
Global
	GlobalSection(SolutionConfigurationPlatforms) = preSolution
		Debug|Any CPU = Debug|Any CPU
		Release|Any CPU = Release|Any CPU
	EndGlobalSection
	GlobalSection(ProjectConfigurationPlatforms) = postSolution
		{6225E0B2-4DEE-340C-A745-AC5DBAF68230}.Debug|Any CPU.ActiveCfg = Debug|Any CPU
		{6225E0B2-4DEE-340C-A745-AC5DBAF68230}.Debug|Any CPU.Build.0 = Debug|Any CPU
		{6225E0B2-4DEE-340C-A745-AC5DBAF68230}.Release|Any CPU.ActiveCfg = Release|Any CPU
		{6225E0B2-4DEE-340C-A745-AC5DBAF68230}.Release|Any CPU.Build.0 = Release|Any CPU
	EndGlobalSection
	GlobalSection(SolutionProperties) = preSolution
		HideSolutionNode = FALSE
	EndGlobalSection
	GlobalSection(ExtensibilityGlobals) = postSolution
		SolutionGuid = {CC5A1BA8-C3DA-4DA0-AF27-01DF58F7396B}
	EndGlobalSection
EndGlobal
